
Microsoft Visual Studio Solution File, Format Version 12.00
# Visual Studio Version 17
VisualStudioVersion = 17.10.35122.118
MinimumVisualStudioVersion = 10.0.40219.1
Project("{FAE04EC0-301F-11D3-BF4B-00C04F79EFBC}") = "2024_10_04_Osztály", "2024_10_04_Osztály\2024_10_04_Osztály.csproj", "{7503B0ED-DC05-44DE-90E2-EB9D7E55B949}"
EndProject
Global
	GlobalSection(SolutionConfigurationPlatforms) = preSolution
		Debug|Any CPU = Debug|Any CPU
		Release|Any CPU = Release|Any CPU
	EndGlobalSection
	GlobalSection(ProjectConfigurationPlatforms) = postSolution
		{7503B0ED-DC05-44DE-90E2-EB9D7E55B949}.Debug|Any CPU.ActiveCfg = Debug|Any CPU
		{7503B0ED-DC05-44DE-90E2-EB9D7E55B949}.Debug|Any CPU.Build.0 = Debug|Any CPU
		{7503B0ED-DC05-44DE-90E2-EB9D7E55B949}.Release|Any CPU.ActiveCfg = Release|Any CPU
		{7503B0ED-DC05-44DE-90E2-EB9D7E55B949}.Release|Any CPU.Build.0 = Release|Any CPU
	EndGlobalSection
	GlobalSection(SolutionProperties) = preSolution
		HideSolutionNode = FALSE
	EndGlobalSection
	GlobalSection(ExtensibilityGlobals) = postSolution
		SolutionGuid = {6ED1E2FD-6F46-4D8A-9495-CC7B92FEB06A}
	EndGlobalSection
EndGlobal
