
Microsoft Visual Studio Solution File, Format Version 12.00
# Visual Studio Version 17
VisualStudioVersion = 17.10.35122.118
MinimumVisualStudioVersion = 10.0.40219.1
Project("{FAE04EC0-301F-11D3-BF4B-00C04F79EFBC}") = "2024_11_14_Static", "2024_11_14_Static\2024_11_14_Static.csproj", "{446761FD-4551-4E7F-862D-2DEF1B8EE6B1}"
EndProject
Global
	GlobalSection(SolutionConfigurationPlatforms) = preSolution
		Debug|Any CPU = Debug|Any CPU
		Release|Any CPU = Release|Any CPU
	EndGlobalSection
	GlobalSection(ProjectConfigurationPlatforms) = postSolution
		{446761FD-4551-4E7F-862D-2DEF1B8EE6B1}.Debug|Any CPU.ActiveCfg = Debug|Any CPU
		{446761FD-4551-4E7F-862D-2DEF1B8EE6B1}.Debug|Any CPU.Build.0 = Debug|Any CPU
		{446761FD-4551-4E7F-862D-2DEF1B8EE6B1}.Release|Any CPU.ActiveCfg = Release|Any CPU
		{446761FD-4551-4E7F-862D-2DEF1B8EE6B1}.Release|Any CPU.Build.0 = Release|Any CPU
	EndGlobalSection
	GlobalSection(SolutionProperties) = preSolution
		HideSolutionNode = FALSE
	EndGlobalSection
	GlobalSection(ExtensibilityGlobals) = postSolution
		SolutionGuid = {97A8EE7E-0796-4E2E-82C9-0C3E032A05B2}
	EndGlobalSection
EndGlobal
