
Microsoft Visual Studio Solution File, Format Version 12.00
# Visual Studio Version 17
VisualStudioVersion = 17.11.35222.181
MinimumVisualStudioVersion = 10.0.40219.1
Project("{FAE04EC0-301F-11D3-BF4B-00C04F79EFBC}") = "2024_11_15_Szimulátor", "2024_11_15_Szimulátor\2024_11_15_Szimulátor.csproj", "{36F8579B-CAF1-4A0E-A01B-EEA3FFE00B39}"
EndProject
Global
	GlobalSection(SolutionConfigurationPlatforms) = preSolution
		Debug|Any CPU = Debug|Any CPU
		Release|Any CPU = Release|Any CPU
	EndGlobalSection
	GlobalSection(ProjectConfigurationPlatforms) = postSolution
		{36F8579B-CAF1-4A0E-A01B-EEA3FFE00B39}.Debug|Any CPU.ActiveCfg = Debug|Any CPU
		{36F8579B-CAF1-4A0E-A01B-EEA3FFE00B39}.Debug|Any CPU.Build.0 = Debug|Any CPU
		{36F8579B-CAF1-4A0E-A01B-EEA3FFE00B39}.Release|Any CPU.ActiveCfg = Release|Any CPU
		{36F8579B-CAF1-4A0E-A01B-EEA3FFE00B39}.Release|Any CPU.Build.0 = Release|Any CPU
	EndGlobalSection
	GlobalSection(SolutionProperties) = preSolution
		HideSolutionNode = FALSE
	EndGlobalSection
	GlobalSection(ExtensibilityGlobals) = postSolution
		SolutionGuid = {8D2DED0C-A12E-43DC-A514-FB2CD2389B58}
	EndGlobalSection
EndGlobal
